// !$*UTF8*$!
{
	archiveVersion = 1;
	classes = {
	};
	objectVersion = 50;
	objects = {

/* Begin PBXBuildFile section */
		86FB804120E3EEE4002688B9 /* AppDelegate.swift in Sources */ = {isa = PBXBuildFile; fileRef = 86FB804020E3EEE4002688B9 /* AppDelegate.swift */; };
		86FB804320E3EEE4002688B9 /* MainViewController.swift in Sources */ = {isa = PBXBuildFile; fileRef = 86FB804220E3EEE4002688B9 /* MainViewController.swift */; };
		86FB804620E3EEE4002688B9 /* Main.storyboard in Resources */ = {isa = PBXBuildFile; fileRef = 86FB804420E3EEE4002688B9 /* Main.storyboard */; };
		86FB804820E3EEE5002688B9 /* Assets.xcassets in Resources */ = {isa = PBXBuildFile; fileRef = 86FB804720E3EEE5002688B9 /* Assets.xcassets */; };
		86FB804B20E3EEE5002688B9 /* LaunchScreen.storyboard in Resources */ = {isa = PBXBuildFile; fileRef = 86FB804920E3EEE5002688B9 /* LaunchScreen.storyboard */; };
		86FB805620E3EEE5002688B9 /* CurrencyConverterTests.swift in Sources */ = {isa = PBXBuildFile; fileRef = 86FB805520E3EEE5002688B9 /* CurrencyConverterTests.swift */; };
		86FB806120E3EEE5002688B9 /* CurrencyConverterUITests.swift in Sources */ = {isa = PBXBuildFile; fileRef = 86FB806020E3EEE5002688B9 /* CurrencyConverterUITests.swift */; };
		86FB807020E3F0EE002688B9 /* ExchangeRate.swift in Sources */ = {isa = PBXBuildFile; fileRef = 86FB806F20E3F0EE002688B9 /* ExchangeRate.swift */; };
/* End PBXBuildFile section */

/* Begin PBXContainerItemProxy section */
		86FB805220E3EEE5002688B9 /* PBXContainerItemProxy */ = {
			isa = PBXContainerItemProxy;
			containerPortal = 86FB803520E3EEE4002688B9 /* Project object */;
			proxyType = 1;
			remoteGlobalIDString = 86FB803C20E3EEE4002688B9;
			remoteInfo = CurrencyConverter;
		};
		86FB805D20E3EEE5002688B9 /* PBXContainerItemProxy */ = {
			isa = PBXContainerItemProxy;
			containerPortal = 86FB803520E3EEE4002688B9 /* Project object */;
			proxyType = 1;
			remoteGlobalIDString = 86FB803C20E3EEE4002688B9;
			remoteInfo = CurrencyConverter;
		};
/* End PBXContainerItemProxy section */

/* Begin PBXFileReference section */
		86FB803D20E3EEE4002688B9 /* CurrencyConverter.app */ = {isa = PBXFileReference; explicitFileType = wrapper.application; includeInIndex = 0; path = CurrencyConverter.app; sourceTree = BUILT_PRODUCTS_DIR; };
		86FB804020E3EEE4002688B9 /* AppDelegate.swift */ = {isa = PBXFileReference; lastKnownFileType = sourcecode.swift; path = AppDelegate.swift; sourceTree = "<group>"; };
		86FB804220E3EEE4002688B9 /* MainViewController.swift */ = {isa = PBXFileReference; lastKnownFileType = sourcecode.swift; path = MainViewController.swift; sourceTree = "<group>"; };
		86FB804520E3EEE4002688B9 /* Base */ = {isa = PBXFileReference; lastKnownFileType = file.storyboard; name = Base; path = Base.lproj/Main.storyboard; sourceTree = "<group>"; };
		86FB804720E3EEE5002688B9 /* Assets.xcassets */ = {isa = PBXFileReference; lastKnownFileType = folder.assetcatalog; path = Assets.xcassets; sourceTree = "<group>"; };
		86FB804A20E3EEE5002688B9 /* Base */ = {isa = PBXFileReference; lastKnownFileType = file.storyboard; name = Base; path = Base.lproj/LaunchScreen.storyboard; sourceTree = "<group>"; };
		86FB804C20E3EEE5002688B9 /* Info.plist */ = {isa = PBXFileReference; lastKnownFileType = text.plist.xml; path = Info.plist; sourceTree = "<group>"; };
		86FB805120E3EEE5002688B9 /* CurrencyConverterTests.xctest */ = {isa = PBXFileReference; explicitFileType = wrapper.cfbundle; includeInIndex = 0; path = CurrencyConverterTests.xctest; sourceTree = BUILT_PRODUCTS_DIR; };
		86FB805520E3EEE5002688B9 /* CurrencyConverterTests.swift */ = {isa = PBXFileReference; lastKnownFileType = sourcecode.swift; path = CurrencyConverterTests.swift; sourceTree = "<group>"; };
		86FB805720E3EEE5002688B9 /* Info.plist */ = {isa = PBXFileReference; lastKnownFileType = text.plist.xml; path = Info.plist; sourceTree = "<group>"; };
		86FB805C20E3EEE5002688B9 /* CurrencyConverterUITests.xctest */ = {isa = PBXFileReference; explicitFileType = wrapper.cfbundle; includeInIndex = 0; path = CurrencyConverterUITests.xctest; sourceTree = BUILT_PRODUCTS_DIR; };
		86FB806020E3EEE5002688B9 /* CurrencyConverterUITests.swift */ = {isa = PBXFileReference; lastKnownFileType = sourcecode.swift; path = CurrencyConverterUITests.swift; sourceTree = "<group>"; };
		86FB806220E3EEE5002688B9 /* Info.plist */ = {isa = PBXFileReference; lastKnownFileType = text.plist.xml; path = Info.plist; sourceTree = "<group>"; };
		86FB806F20E3F0EE002688B9 /* ExchangeRate.swift */ = {isa = PBXFileReference; lastKnownFileType = sourcecode.swift; path = ExchangeRate.swift; sourceTree = "<group>"; };
/* End PBXFileReference section */

/* Begin PBXFrameworksBuildPhase section */
		86FB803A20E3EEE4002688B9 /* Frameworks */ = {
			isa = PBXFrameworksBuildPhase;
			buildActionMask = 2147483647;
			files = (
			);
			runOnlyForDeploymentPostprocessing = 0;
		};
		86FB804E20E3EEE5002688B9 /* Frameworks */ = {
			isa = PBXFrameworksBuildPhase;
			buildActionMask = 2147483647;
			files = (
			);
			runOnlyForDeploymentPostprocessing = 0;
		};
		86FB805920E3EEE5002688B9 /* Frameworks */ = {
			isa = PBXFrameworksBuildPhase;
			buildActionMask = 2147483647;
			files = (
			);
			runOnlyForDeploymentPostprocessing = 0;
		};
/* End PBXFrameworksBuildPhase section */

/* Begin PBXGroup section */
		86FB803420E3EEE4002688B9 = {
			isa = PBXGroup;
			children = (
				86FB803F20E3EEE4002688B9 /* CurrencyConverter */,
				86FB805420E3EEE5002688B9 /* CurrencyConverterTests */,
				86FB805F20E3EEE5002688B9 /* CurrencyConverterUITests */,
				86FB803E20E3EEE4002688B9 /* Products */,
			);
			sourceTree = "<group>";
		};
		86FB803E20E3EEE4002688B9 /* Products */ = {
			isa = PBXGroup;
			children = (
				86FB803D20E3EEE4002688B9 /* CurrencyConverter.app */,
				86FB805120E3EEE5002688B9 /* CurrencyConverterTests.xctest */,
				86FB805C20E3EEE5002688B9 /* CurrencyConverterUITests.xctest */,
			);
			name = Products;
			sourceTree = "<group>";
		};
		86FB803F20E3EEE4002688B9 /* CurrencyConverter */ = {
			isa = PBXGroup;
			children = (
				86FB806E20E3F0C8002688B9 /* Model */,
				86FB804020E3EEE4002688B9 /* AppDelegate.swift */,
				86FB804220E3EEE4002688B9 /* MainViewController.swift */,
				86FB804420E3EEE4002688B9 /* Main.storyboard */,
				86FB804720E3EEE5002688B9 /* Assets.xcassets */,
				86FB804920E3EEE5002688B9 /* LaunchScreen.storyboard */,
				86FB804C20E3EEE5002688B9 /* Info.plist */,
			);
			path = CurrencyConverter;
			sourceTree = "<group>";
		};
		86FB805420E3EEE5002688B9 /* CurrencyConverterTests */ = {
			isa = PBXGroup;
			children = (
				86FB805520E3EEE5002688B9 /* CurrencyConverterTests.swift */,
				86FB805720E3EEE5002688B9 /* Info.plist */,
			);
			path = CurrencyConverterTests;
			sourceTree = "<group>";
		};
		86FB805F20E3EEE5002688B9 /* CurrencyConverterUITests */ = {
			isa = PBXGroup;
			children = (
				86FB806020E3EEE5002688B9 /* CurrencyConverterUITests.swift */,
				86FB806220E3EEE5002688B9 /* Info.plist */,
			);
			path = CurrencyConverterUITests;
			sourceTree = "<group>";
		};
		86FB806E20E3F0C8002688B9 /* Model */ = {
			isa = PBXGroup;
			children = (
				86FB806F20E3F0EE002688B9 /* ExchangeRate.swift */,
			);
			path = Model;
			sourceTree = "<group>";
		};
/* End PBXGroup section */

/* Begin PBXNativeTarget section */
		86FB803C20E3EEE4002688B9 /* CurrencyConverter */ = {
			isa = PBXNativeTarget;
			buildConfigurationList = 86FB806520E3EEE5002688B9 /* Build configuration list for PBXNativeTarget "CurrencyConverter" */;
			buildPhases = (
				86FB803920E3EEE4002688B9 /* Sources */,
				86FB803A20E3EEE4002688B9 /* Frameworks */,
				86FB803B20E3EEE4002688B9 /* Resources */,
			);
			buildRules = (
			);
			dependencies = (
			);
			name = CurrencyConverter;
			productName = CurrencyConverter;
			productReference = 86FB803D20E3EEE4002688B9 /* CurrencyConverter.app */;
			productType = "com.apple.product-type.application";
		};
		86FB805020E3EEE5002688B9 /* CurrencyConverterTests */ = {
			isa = PBXNativeTarget;
			buildConfigurationList = 86FB806820E3EEE5002688B9 /* Build configuration list for PBXNativeTarget "CurrencyConverterTests" */;
			buildPhases = (
				86FB804D20E3EEE5002688B9 /* Sources */,
				86FB804E20E3EEE5002688B9 /* Frameworks */,
				86FB804F20E3EEE5002688B9 /* Resources */,
			);
			buildRules = (
			);
			dependencies = (
				86FB805320E3EEE5002688B9 /* PBXTargetDependency */,
			);
			name = CurrencyConverterTests;
			productName = CurrencyConverterTests;
			productReference = 86FB805120E3EEE5002688B9 /* CurrencyConverterTests.xctest */;
			productType = "com.apple.product-type.bundle.unit-test";
		};
		86FB805B20E3EEE5002688B9 /* CurrencyConverterUITests */ = {
			isa = PBXNativeTarget;
			buildConfigurationList = 86FB806B20E3EEE5002688B9 /* Build configuration list for PBXNativeTarget "CurrencyConverterUITests" */;
			buildPhases = (
				86FB805820E3EEE5002688B9 /* Sources */,
				86FB805920E3EEE5002688B9 /* Frameworks */,
				86FB805A20E3EEE5002688B9 /* Resources */,
			);
			buildRules = (
			);
			dependencies = (
				86FB805E20E3EEE5002688B9 /* PBXTargetDependency */,
			);
			name = CurrencyConverterUITests;
			productName = CurrencyConverterUITests;
			productReference = 86FB805C20E3EEE5002688B9 /* CurrencyConverterUITests.xctest */;
			productType = "com.apple.product-type.bundle.ui-testing";
		};
/* End PBXNativeTarget section */

/* Begin PBXProject section */
		86FB803520E3EEE4002688B9 /* Project object */ = {
			isa = PBXProject;
			attributes = {
				LastSwiftUpdateCheck = 0940;
				LastUpgradeCheck = 0940;
				ORGANIZATIONNAME = None;
				TargetAttributes = {
					86FB803C20E3EEE4002688B9 = {
						CreatedOnToolsVersion = 9.4.1;
					};
					86FB805020E3EEE5002688B9 = {
						CreatedOnToolsVersion = 9.4.1;
						TestTargetID = 86FB803C20E3EEE4002688B9;
					};
					86FB805B20E3EEE5002688B9 = {
						CreatedOnToolsVersion = 9.4.1;
						TestTargetID = 86FB803C20E3EEE4002688B9;
					};
				};
			};
			buildConfigurationList = 86FB803820E3EEE4002688B9 /* Build configuration list for PBXProject "CurrencyConverter" */;
			compatibilityVersion = "Xcode 9.3";
			developmentRegion = en;
			hasScannedForEncodings = 0;
			knownRegions = (
				en,
				Base,
			);
			mainGroup = 86FB803420E3EEE4002688B9;
			productRefGroup = 86FB803E20E3EEE4002688B9 /* Products */;
			projectDirPath = "";
			projectRoot = "";
			targets = (
				86FB803C20E3EEE4002688B9 /* CurrencyConverter */,
				86FB805020E3EEE5002688B9 /* CurrencyConverterTests */,
				86FB805B20E3EEE5002688B9 /* CurrencyConverterUITests */,
			);
		};
/* End PBXProject section */

/* Begin PBXResourcesBuildPhase section */
		86FB803B20E3EEE4002688B9 /* Resources */ = {
			isa = PBXResourcesBuildPhase;
			buildActionMask = 2147483647;
			files = (
				86FB804B20E3EEE5002688B9 /* LaunchScreen.storyboard in Resources */,
				86FB804820E3EEE5002688B9 /* Assets.xcassets in Resources */,
				86FB804620E3EEE4002688B9 /* Main.storyboard in Resources */,
			);
			runOnlyForDeploymentPostprocessing = 0;
		};
		86FB804F20E3EEE5002688B9 /* Resources */ = {
			isa = PBXResourcesBuildPhase;
			buildActionMask = 2147483647;
			files = (
			);
			runOnlyForDeploymentPostprocessing = 0;
		};
		86FB805A20E3EEE5002688B9 /* Resources */ = {
			isa = PBXResourcesBuildPhase;
			buildActionMask = 2147483647;
			files = (
			);
			runOnlyForDeploymentPostprocessing = 0;
		};
/* End PBXResourcesBuildPhase section */

/* Begin PBXSourcesBuildPhase section */
		86FB803920E3EEE4002688B9 /* Sources */ = {
			isa = PBXSourcesBuildPhase;
			buildActionMask = 2147483647;
			files = (
				86FB804320E3EEE4002688B9 /* MainViewController.swift in Sources */,
				86FB807020E3F0EE002688B9 /* ExchangeRate.swift in Sources */,
				86FB804120E3EEE4002688B9 /* AppDelegate.swift in Sources */,
			);
			runOnlyForDeploymentPostprocessing = 0;
		};
		86FB804D20E3EEE5002688B9 /* Sources */ = {
			isa = PBXSourcesBuildPhase;
			buildActionMask = 2147483647;
			files = (
				86FB805620E3EEE5002688B9 /* CurrencyConverterTests.swift in Sources */,
			);
			runOnlyForDeploymentPostprocessing = 0;
		};
		86FB805820E3EEE5002688B9 /* Sources */ = {
			isa = PBXSourcesBuildPhase;
			buildActionMask = 2147483647;
			files = (
				86FB806120E3EEE5002688B9 /* CurrencyConverterUITests.swift in Sources */,
			);
			runOnlyForDeploymentPostprocessing = 0;
		};
/* End PBXSourcesBuildPhase section */

/* Begin PBXTargetDependency section */
		86FB805320E3EEE5002688B9 /* PBXTargetDependency */ = {
			isa = PBXTargetDependency;
			target = 86FB803C20E3EEE4002688B9 /* CurrencyConverter */;
			targetProxy = 86FB805220E3EEE5002688B9 /* PBXContainerItemProxy */;
		};
		86FB805E20E3EEE5002688B9 /* PBXTargetDependency */ = {
			isa = PBXTargetDependency;
			target = 86FB803C20E3EEE4002688B9 /* CurrencyConverter */;
			targetProxy = 86FB805D20E3EEE5002688B9 /* PBXContainerItemProxy */;
		};
/* End PBXTargetDependency section */

/* Begin PBXVariantGroup section */
		86FB804420E3EEE4002688B9 /* Main.storyboard */ = {
			isa = PBXVariantGroup;
			children = (
				86FB804520E3EEE4002688B9 /* Base */,
			);
			name = Main.storyboard;
			sourceTree = "<group>";
		};
		86FB804920E3EEE5002688B9 /* LaunchScreen.storyboard */ = {
			isa = PBXVariantGroup;
			children = (
				86FB804A20E3EEE5002688B9 /* Base */,
			);
			name = LaunchScreen.storyboard;
			sourceTree = "<group>";
		};
/* End PBXVariantGroup section */

/* Begin XCBuildConfiguration section */
		86FB806320E3EEE5002688B9 /* Debug */ = {
			isa = XCBuildConfiguration;
			buildSettings = {
				ALWAYS_SEARCH_USER_PATHS = NO;
				CLANG_ANALYZER_NONNULL = YES;
				CLANG_ANALYZER_NUMBER_OBJECT_CONVERSION = YES_AGGRESSIVE;
				CLANG_CXX_LANGUAGE_STANDARD = "gnu++14";
				CLANG_CXX_LIBRARY = "libc++";
				CLANG_ENABLE_MODULES = YES;
				CLANG_ENABLE_OBJC_ARC = YES;
				CLANG_ENABLE_OBJC_WEAK = YES;
				CLANG_WARN_BLOCK_CAPTURE_AUTORELEASING = YES;
				CLANG_WARN_BOOL_CONVERSION = YES;
				CLANG_WARN_COMMA = YES;
				CLANG_WARN_CONSTANT_CONVERSION = YES;
				CLANG_WARN_DEPRECATED_OBJC_IMPLEMENTATIONS = YES;
				CLANG_WARN_DIRECT_OBJC_ISA_USAGE = YES_ERROR;
				CLANG_WARN_DOCUMENTATION_COMMENTS = YES;
				CLANG_WARN_EMPTY_BODY = YES;
				CLANG_WARN_ENUM_CONVERSION = YES;
				CLANG_WARN_INFINITE_RECURSION = YES;
				CLANG_WARN_INT_CONVERSION = YES;
				CLANG_WARN_NON_LITERAL_NULL_CONVERSION = YES;
				CLANG_WARN_OBJC_IMPLICIT_RETAIN_SELF = YES;
				CLANG_WARN_OBJC_LITERAL_CONVERSION = YES;
				CLANG_WARN_OBJC_ROOT_CLASS = YES_ERROR;
				CLANG_WARN_RANGE_LOOP_ANALYSIS = YES;
				CLANG_WARN_STRICT_PROTOTYPES = YES;
				CLANG_WARN_SUSPICIOUS_MOVE = YES;
				CLANG_WARN_UNGUARDED_AVAILABILITY = YES_AGGRESSIVE;
				CLANG_WARN_UNREACHABLE_CODE = YES;
				CLANG_WARN__DUPLICATE_METHOD_MATCH = YES;
				CODE_SIGN_IDENTITY = "iPhone Developer";
				COPY_PHASE_STRIP = NO;
				DEBUG_INFORMATION_FORMAT = dwarf;
				ENABLE_STRICT_OBJC_MSGSEND = YES;
				ENABLE_TESTABILITY = YES;
				GCC_C_LANGUAGE_STANDARD = gnu11;
				GCC_DYNAMIC_NO_PIC = NO;
				GCC_NO_COMMON_BLOCKS = YES;
				GCC_OPTIMIZATION_LEVEL = 0;
				GCC_PREPROCESSOR_DEFINITIONS = (
					"DEBUG=1",
					"$(inherited)",
				);
				GCC_WARN_64_TO_32_BIT_CONVERSION = YES;
				GCC_WARN_ABOUT_RETURN_TYPE = YES_ERROR;
				GCC_WARN_UNDECLARED_SELECTOR = YES;
				GCC_WARN_UNINITIALIZED_AUTOS = YES_AGGRESSIVE;
				GCC_WARN_UNUSED_FUNCTION = YES;
				GCC_WARN_UNUSED_VARIABLE = YES;
				IPHONEOS_DEPLOYMENT_TARGET = 11.4;
				MTL_ENABLE_DEBUG_INFO = YES;
				ONLY_ACTIVE_ARCH = YES;
				SDKROOT = iphoneos;
				SWIFT_ACTIVE_COMPILATION_CONDITIONS = DEBUG;
				SWIFT_OPTIMIZATION_LEVEL = "-Onone";
			};
			name = Debug;
		};
		86FB806420E3EEE5002688B9 /* Release */ = {
			isa = XCBuildConfiguration;
			buildSettings = {
				ALWAYS_SEARCH_USER_PATHS = NO;
				CLANG_ANALYZER_NONNULL = YES;
				CLANG_ANALYZER_NUMBER_OBJECT_CONVERSION = YES_AGGRESSIVE;
				CLANG_CXX_LANGUAGE_STANDARD = "gnu++14";
				CLANG_CXX_LIBRARY = "libc++";
				CLANG_ENABLE_MODULES = YES;
				CLANG_ENABLE_OBJC_ARC = YES;
				CLANG_ENABLE_OBJC_WEAK = YES;
				CLANG_WARN_BLOCK_CAPTURE_AUTORELEASING = YES;
				CLANG_WARN_BOOL_CONVERSION = YES;
				CLANG_WARN_COMMA = YES;
				CLANG_WARN_CONSTANT_CONVERSION = YES;
				CLANG_WARN_DEPRECATED_OBJC_IMPLEMENTATIONS = YES;
				CLANG_WARN_DIRECT_OBJC_ISA_USAGE = YES_ERROR;
				CLANG_WARN_DOCUMENTATION_COMMENTS = YES;
				CLANG_WARN_EMPTY_BODY = YES;
				CLANG_WARN_ENUM_CONVERSION = YES;
				CLANG_WARN_INFINITE_RECURSION = YES;
				CLANG_WARN_INT_CONVERSION = YES;
				CLANG_WARN_NON_LITERAL_NULL_CONVERSION = YES;
				CLANG_WARN_OBJC_IMPLICIT_RETAIN_SELF = YES;
				CLANG_WARN_OBJC_LITERAL_CONVERSION = YES;
				CLANG_WARN_OBJC_ROOT_CLASS = YES_ERROR;
				CLANG_WARN_RANGE_LOOP_ANALYSIS = YES;
				CLANG_WARN_STRICT_PROTOTYPES = YES;
				CLANG_WARN_SUSPICIOUS_MOVE = YES;
				CLANG_WARN_UNGUARDED_AVAILABILITY = YES_AGGRESSIVE;
				CLANG_WARN_UNREACHABLE_CODE = YES;
				CLANG_WARN__DUPLICATE_METHOD_MATCH = YES;
				CODE_SIGN_IDENTITY = "iPhone Developer";
				COPY_PHASE_STRIP = NO;
				DEBUG_INFORMATION_FORMAT = "dwarf-with-dsym";
				ENABLE_NS_ASSERTIONS = NO;
				ENABLE_STRICT_OBJC_MSGSEND = YES;
				GCC_C_LANGUAGE_STANDARD = gnu11;
				GCC_NO_COMMON_BLOCKS = YES;
				GCC_WARN_64_TO_32_BIT_CONVERSION = YES;
				GCC_WARN_ABOUT_RETURN_TYPE = YES_ERROR;
				GCC_WARN_UNDECLARED_SELECTOR = YES;
				GCC_WARN_UNINITIALIZED_AUTOS = YES_AGGRESSIVE;
				GCC_WARN_UNUSED_FUNCTION = YES;
				GCC_WARN_UNUSED_VARIABLE = YES;
				IPHONEOS_DEPLOYMENT_TARGET = 11.4;
				MTL_ENABLE_DEBUG_INFO = NO;
				SDKROOT = iphoneos;
				SWIFT_COMPILATION_MODE = wholemodule;
				SWIFT_OPTIMIZATION_LEVEL = "-O";
				VALIDATE_PRODUCT = YES;
			};
			name = Release;
		};
		86FB806620E3EEE5002688B9 /* Debug */ = {
			isa = XCBuildConfiguration;
			buildSettings = {
				ASSETCATALOG_COMPILER_APPICON_NAME = AppIcon;
				CODE_SIGN_STYLE = Automatic;
				INFOPLIST_FILE = CurrencyConverter/Info.plist;
				LD_RUNPATH_SEARCH_PATHS = (
					"$(inherited)",
					"@executable_path/Frameworks",
				);
				PRODUCT_BUNDLE_IDENTIFIER = com.none.CurrencyConverter;
				PRODUCT_NAME = "$(TARGET_NAME)";
				SWIFT_VERSION = 4.0;
				TARGETED_DEVICE_FAMILY = "1,2";
			};
			name = Debug;
		};
		86FB806720E3EEE5002688B9 /* Release */ = {
			isa = XCBuildConfiguration;
			buildSettings = {
				ASSETCATALOG_COMPILER_APPICON_NAME = AppIcon;
				CODE_SIGN_STYLE = Automatic;
				INFOPLIST_FILE = CurrencyConverter/Info.plist;
				LD_RUNPATH_SEARCH_PATHS = (
					"$(inherited)",
					"@executable_path/Frameworks",
				);
				PRODUCT_BUNDLE_IDENTIFIER = com.none.CurrencyConverter;
				PRODUCT_NAME = "$(TARGET_NAME)";
				SWIFT_VERSION = 4.0;
				TARGETED_DEVICE_FAMILY = "1,2";
			};
			name = Release;
		};
		86FB806920E3EEE5002688B9 /* Debug */ = {
			isa = XCBuildConfiguration;
			buildSettings = {
				ALWAYS_EMBED_SWIFT_STANDARD_LIBRARIES = YES;
				BUNDLE_LOADER = "$(TEST_HOST)";
				CODE_SIGN_STYLE = Automatic;
				INFOPLIST_FILE = CurrencyConverterTests/Info.plist;
				LD_RUNPATH_SEARCH_PATHS = (
					"$(inherited)",
					"@executable_path/Frameworks",
					"@loader_path/Frameworks",
				);
				PRODUCT_BUNDLE_IDENTIFIER = com.none.CurrencyConverterTests;
				PRODUCT_NAME = "$(TARGET_NAME)";
				SWIFT_VERSION = 4.0;
				TARGETED_DEVICE_FAMILY = "1,2";
				TEST_HOST = "$(BUILT_PRODUCTS_DIR)/CurrencyConverter.app/CurrencyConverter";
			};
			name = Debug;
		};
		86FB806A20E3EEE5002688B9 /* Release */ = {
			isa = XCBuildConfiguration;
			buildSettings = {
				ALWAYS_EMBED_SWIFT_STANDARD_LIBRARIES = YES;
				BUNDLE_LOADER = "$(TEST_HOST)";
				CODE_SIGN_STYLE = Automatic;
				INFOPLIST_FILE = CurrencyConverterTests/Info.plist;
				LD_RUNPATH_SEARCH_PATHS = (
					"$(inherited)",
					"@executable_path/Frameworks",
					"@loader_path/Frameworks",
				);
				PRODUCT_BUNDLE_IDENTIFIER = com.none.CurrencyConverterTests;
				PRODUCT_NAME = "$(TARGET_NAME)";
				SWIFT_VERSION = 4.0;
				TARGETED_DEVICE_FAMILY = "1,2";
				TEST_HOST = "$(BUILT_PRODUCTS_DIR)/CurrencyConverter.app/CurrencyConverter";
			};
			name = Release;
		};
		86FB806C20E3EEE5002688B9 /* Debug */ = {
			isa = XCBuildConfiguration;
			buildSettings = {
				ALWAYS_EMBED_SWIFT_STANDARD_LIBRARIES = YES;
				CODE_SIGN_STYLE = Automatic;
				INFOPLIST_FILE = CurrencyConverterUITests/Info.plist;
				LD_RUNPATH_SEARCH_PATHS = (
					"$(inherited)",
					"@executable_path/Frameworks",
					"@loader_path/Frameworks",
				);
				PRODUCT_BUNDLE_IDENTIFIER = com.none.CurrencyConverterUITests;
				PRODUCT_NAME = "$(TARGET_NAME)";
				SWIFT_VERSION = 4.0;
				TARGETED_DEVICE_FAMILY = "1,2";
				TEST_TARGET_NAME = CurrencyConverter;
			};
			name = Debug;
		};
		86FB806D20E3EEE5002688B9 /* Release */ = {
			isa = XCBuildConfiguration;
			buildSettings = {
				ALWAYS_EMBED_SWIFT_STANDARD_LIBRARIES = YES;
				CODE_SIGN_STYLE = Automatic;
				INFOPLIST_FILE = CurrencyConverterUITests/Info.plist;
				LD_RUNPATH_SEARCH_PATHS = (
					"$(inherited)",
					"@executable_path/Frameworks",
					"@loader_path/Frameworks",
				);
				PRODUCT_BUNDLE_IDENTIFIER = com.none.CurrencyConverterUITests;
				PRODUCT_NAME = "$(TARGET_NAME)";
				SWIFT_VERSION = 4.0;
				TARGETED_DEVICE_FAMILY = "1,2";
				TEST_TARGET_NAME = CurrencyConverter;
			};
			name = Release;
		};
/* End XCBuildConfiguration section */

/* Begin XCConfigurationList section */
		86FB803820E3EEE4002688B9 /* Build configuration list for PBXProject "CurrencyConverter" */ = {
			isa = XCConfigurationList;
			buildConfigurations = (
				86FB806320E3EEE5002688B9 /* Debug */,
				86FB806420E3EEE5002688B9 /* Release */,
			);
			defaultConfigurationIsVisible = 0;
			defaultConfigurationName = Release;
		};
		86FB806520E3EEE5002688B9 /* Build configuration list for PBXNativeTarget "CurrencyConverter" */ = {
			isa = XCConfigurationList;
			buildConfigurations = (
				86FB806620E3EEE5002688B9 /* Debug */,
				86FB806720E3EEE5002688B9 /* Release */,
			);
			defaultConfigurationIsVisible = 0;
			defaultConfigurationName = Release;
		};
		86FB806820E3EEE5002688B9 /* Build configuration list for PBXNativeTarget "CurrencyConverterTests" */ = {
			isa = XCConfigurationList;
			buildConfigurations = (
				86FB806920E3EEE5002688B9 /* Debug */,
				86FB806A20E3EEE5002688B9 /* Release */,
			);
			defaultConfigurationIsVisible = 0;
			defaultConfigurationName = Release;
		};
		86FB806B20E3EEE5002688B9 /* Build configuration list for PBXNativeTarget "CurrencyConverterUITests" */ = {
			isa = XCConfigurationList;
			buildConfigurations = (
				86FB806C20E3EEE5002688B9 /* Debug */,
				86FB806D20E3EEE5002688B9 /* Release */,
			);
			defaultConfigurationIsVisible = 0;
			defaultConfigurationName = Release;
		};
/* End XCConfigurationList section */
	};
	rootObject = 86FB803520E3EEE4002688B9 /* Project object */;
}
